# THIS IS AN AUTOGENERATED FILE. DO NOT EDIT THIS FILE DIRECTLY.
# yarn lockfile v1


dom-serializer@^1.0.1:
  version "1.2.0"
  resolved "http://10.9.51.250:8081/repository/npm-all/dom-serializer/-/dom-serializer-1.2.0.tgz#3433d9136aeb3c627981daa385fc7f32d27c48f1"
  integrity sha1-NDPZE2rrPGJ5gdqjhfx/MtJ8SPE=
  dependencies:
    domelementtype "^2.0.1"
    domhandler "^4.0.0"
    entities "^2.0.0"

domelementtype@^2.0.1, domelementtype@^2.1.0:
  version "2.1.0"
  resolved "http://10.9.51.250:8081/repository/npm-all/domelementtype/-/domelementtype-2.1.0.tgz#a851c080a6d1c3d94344aed151d99f669edf585e"
  integrity sha1-qFHAgKbRw9lDRK7RUdmfZp7fWF4=

domhandler@^3.3.0:
  version "3.3.0"
  resolved "http://10.9.51.250:8081/repository/npm-all/domhandler/-/domhandler-3.3.0.tgz#6db7ea46e4617eb15cf875df68b2b8524ce0037a"
  integrity sha1-bbfqRuRhfrFc+HXfaLK4UkzgA3o=
  dependencies:
    domelementtype "^2.0.1"

domhandler@^4.0.0:
  version "4.0.0"
  resolved "http://10.9.51.250:8081/repository/npm-all/domhandler/-/domhandler-4.0.0.tgz#01ea7821de996d85f69029e81fa873c21833098e"
  integrity sha1-Aep4Id6ZbYX2kCnoH6hzwhgzCY4=
  dependencies:
    domelementtype "^2.1.0"

domutils@^2.4.2:
  version "2.4.4"
  resolved "http://10.9.51.250:8081/repository/npm-all/domutils/-/domutils-2.4.4.tgz#282739c4b150d022d34699797369aad8d19bbbd3"
  integrity sha1-KCc5xLFQ0CLTRpl5c2mq2NGbu9M=
  dependencies:
    dom-serializer "^1.0.1"
    domelementtype "^2.0.1"
    domhandler "^4.0.0"

entities@^2.0.0:
  version "2.2.0"
  resolved "http://10.9.51.250:8081/repository/npm-all/entities/-/entities-2.2.0.tgz#098dc90ebb83d8dffa089d55256b351d34c4da55"
  integrity sha1-CY3JDruD2N/6CJ1VJWs1HTTE2lU=

eslint-plugin-html@^6.1.1:
  version "6.1.1"
  resolved "http://10.9.51.250:8081/repository/npm-all/eslint-plugin-html/-/eslint-plugin-html-6.1.1.tgz#95aee151900b9bb2da5fa017b45cc64456a0a74e"
  integrity sha1-la7hUZALm7LaX6AXtFzGRFagp04=
  dependencies:
    htmlparser2 "^5.0.1"

htmlparser2@^5.0.1:
  version "5.0.1"
  resolved "http://10.9.51.250:8081/repository/npm-all/htmlparser2/-/htmlparser2-5.0.1.tgz#7daa6fc3e35d6107ac95a4fc08781f091664f6e7"
  integrity sha1-fapvw+NdYQeslaT8CHgfCRZk9uc=
  dependencies:
    domelementtype "^2.0.1"
    domhandler "^3.3.0"
    domutils "^2.4.2"
    entities "^2.0.0"
